// !$*UTF8*$!
{
	archiveVersion = 1;
	classes = {
	};
	objectVersion = 56;
	objects = {

/* Begin PBXBuildFile section */
		011673912C6C821A008BF349 /* DashboardVcComponents.swift in Sources */ = {isa = PBXBuildFile; fileRef = 011673902C6C821A008BF349 /* DashboardVcComponents.swift */; };
		011673932C6C9248008BF349 /* DashboardTableCell.swift in Sources */ = {isa = PBXBuildFile; fileRef = 011673922C6C9248008BF349 /* DashboardTableCell.swift */; };
		01312BB52C2EC1C20089F9C0 /* AppDelegate.swift in Sources */ = {isa = PBXBuildFile; fileRef = 01312BB42C2EC1C20089F9C0 /* AppDelegate.swift */; };
		01312BB72C2EC1C20089F9C0 /* SceneDelegate.swift in Sources */ = {isa = PBXBuildFile; fileRef = 01312BB62C2EC1C20089F9C0 /* SceneDelegate.swift */; };
		01312BB92C2EC1C20089F9C0 /* HomeVC.swift in Sources */ = {isa = PBXBuildFile; fileRef = 01312BB82C2EC1C20089F9C0 /* HomeVC.swift */; };
		01312BBE2C2EC1C40089F9C0 /* Assets.xcassets in Resources */ = {isa = PBXBuildFile; fileRef = 01312BBD2C2EC1C40089F9C0 /* Assets.xcassets */; };
		01312BC12C2EC1C40089F9C0 /* LaunchScreen.storyboard in Resources */ = {isa = PBXBuildFile; fileRef = 01312BBF2C2EC1C40089F9C0 /* LaunchScreen.storyboard */; };
		01312BCA2C2EC2370089F9C0 /* TabController.swift in Sources */ = {isa = PBXBuildFile; fileRef = 01312BC92C2EC2370089F9C0 /* TabController.swift */; };
		01312BCC2C2EC49B0089F9C0 /* TemplateVC.swift in Sources */ = {isa = PBXBuildFile; fileRef = 01312BCB2C2EC49B0089F9C0 /* TemplateVC.swift */; };
		01312BCE2C2EC4B90089F9C0 /* UserVC.swift in Sources */ = {isa = PBXBuildFile; fileRef = 01312BCD2C2EC4B90089F9C0 /* UserVC.swift */; };
		01312BD02C2EC4C10089F9C0 /* MiscUtils.swift in Sources */ = {isa = PBXBuildFile; fileRef = 01312BCF2C2EC4C10089F9C0 /* MiscUtils.swift */; };
		01312BD22C2EC4DF0089F9C0 /* DashboardVC.swift in Sources */ = {isa = PBXBuildFile; fileRef = 01312BD12C2EC4DF0089F9C0 /* DashboardVC.swift */; };
		01312BD52C302F030089F9C0 /* User.swift in Sources */ = {isa = PBXBuildFile; fileRef = 01312BD42C302F030089F9C0 /* User.swift */; };
		01312BD82C302F500089F9C0 /* UserStore.swift in Sources */ = {isa = PBXBuildFile; fileRef = 01312BD72C302F500089F9C0 /* UserStore.swift */; };
		01312BDA2C302F8C0089F9C0 /* DashboardHealthDataObject.swift in Sources */ = {isa = PBXBuildFile; fileRef = 01312BD92C302F8C0089F9C0 /* DashboardHealthDataObject.swift */; };
		01312BDD2C302F9D0089F9C0 /* UrlStore.swift in Sources */ = {isa = PBXBuildFile; fileRef = 01312BDB2C302F9C0089F9C0 /* UrlStore.swift */; };
		01312BDE2C302F9D0089F9C0 /* RequestStore.swift in Sources */ = {isa = PBXBuildFile; fileRef = 01312BDC2C302F9D0089F9C0 /* RequestStore.swift */; };
		01312BE02C3031860089F9C0 /* Config.swift in Sources */ = {isa = PBXBuildFile; fileRef = 01312BDF2C3031860089F9C0 /* Config.swift */; };
		01312BE32C3032730089F9C0 /* LocationFetcher.swift in Sources */ = {isa = PBXBuildFile; fileRef = 01312BE22C3032730089F9C0 /* LocationFetcher.swift */; };
		01312BE52C303A230089F9C0 /* RegisterVC.swift in Sources */ = {isa = PBXBuildFile; fileRef = 01312BE42C303A230089F9C0 /* RegisterVC.swift */; };
		01FF77232C3A99C200D3E93E /* UserVcComponents.swift in Sources */ = {isa = PBXBuildFile; fileRef = 01FF77222C3A99C100D3E93E /* UserVcComponents.swift */; };
		01FF77CA2C43F4DB00D3E93E /* ManageDataVC.swift in Sources */ = {isa = PBXBuildFile; fileRef = 01FF77C92C43F4DB00D3E93E /* ManageDataVC.swift */; };
		01FF77CC2C441B1800D3E93E /* HealthDataStore.swift in Sources */ = {isa = PBXBuildFile; fileRef = 01FF77CB2C441B1800D3E93E /* HealthDataStore.swift */; };
		01FF77CE2C441F2200D3E93E /* AppleHealthDataFetcher.swift in Sources */ = {isa = PBXBuildFile; fileRef = 01FF77CD2C441F2200D3E93E /* AppleHealthDataFetcher.swift */; };
/* End PBXBuildFile section */

/* Begin PBXFileReference section */
		011673902C6C821A008BF349 /* DashboardVcComponents.swift */ = {isa = PBXFileReference; lastKnownFileType = sourcecode.swift; path = DashboardVcComponents.swift; sourceTree = "<group>"; };
		011673922C6C9248008BF349 /* DashboardTableCell.swift */ = {isa = PBXFileReference; lastKnownFileType = sourcecode.swift; path = DashboardTableCell.swift; sourceTree = "<group>"; };
		01312BB12C2EC1C20089F9C0 /* WhatSticks13iOS.app */ = {isa = PBXFileReference; explicitFileType = wrapper.application; includeInIndex = 0; path = WhatSticks13iOS.app; sourceTree = BUILT_PRODUCTS_DIR; };
		01312BB42C2EC1C20089F9C0 /* AppDelegate.swift */ = {isa = PBXFileReference; lastKnownFileType = sourcecode.swift; path = AppDelegate.swift; sourceTree = "<group>"; };
		01312BB62C2EC1C20089F9C0 /* SceneDelegate.swift */ = {isa = PBXFileReference; lastKnownFileType = sourcecode.swift; path = SceneDelegate.swift; sourceTree = "<group>"; };
		01312BB82C2EC1C20089F9C0 /* HomeVC.swift */ = {isa = PBXFileReference; lastKnownFileType = sourcecode.swift; path = HomeVC.swift; sourceTree = "<group>"; };
		01312BBD2C2EC1C40089F9C0 /* Assets.xcassets */ = {isa = PBXFileReference; lastKnownFileType = folder.assetcatalog; path = Assets.xcassets; sourceTree = "<group>"; };
		01312BC02C2EC1C40089F9C0 /* Base */ = {isa = PBXFileReference; lastKnownFileType = file.storyboard; name = Base; path = Base.lproj/LaunchScreen.storyboard; sourceTree = "<group>"; };
		01312BC22C2EC1C40089F9C0 /* Info.plist */ = {isa = PBXFileReference; lastKnownFileType = text.plist.xml; path = Info.plist; sourceTree = "<group>"; };
		01312BC92C2EC2370089F9C0 /* TabController.swift */ = {isa = PBXFileReference; lastKnownFileType = sourcecode.swift; path = TabController.swift; sourceTree = "<group>"; };
		01312BCB2C2EC49B0089F9C0 /* TemplateVC.swift */ = {isa = PBXFileReference; fileEncoding = 4; lastKnownFileType = sourcecode.swift; path = TemplateVC.swift; sourceTree = "<group>"; };
		01312BCD2C2EC4B90089F9C0 /* UserVC.swift */ = {isa = PBXFileReference; fileEncoding = 4; lastKnownFileType = sourcecode.swift; path = UserVC.swift; sourceTree = "<group>"; };
		01312BCF2C2EC4C10089F9C0 /* MiscUtils.swift */ = {isa = PBXFileReference; fileEncoding = 4; lastKnownFileType = sourcecode.swift; path = MiscUtils.swift; sourceTree = "<group>"; };
		01312BD12C2EC4DF0089F9C0 /* DashboardVC.swift */ = {isa = PBXFileReference; fileEncoding = 4; lastKnownFileType = sourcecode.swift; path = DashboardVC.swift; sourceTree = "<group>"; };
		01312BD42C302F030089F9C0 /* User.swift */ = {isa = PBXFileReference; lastKnownFileType = sourcecode.swift; path = User.swift; sourceTree = "<group>"; };
		01312BD72C302F500089F9C0 /* UserStore.swift */ = {isa = PBXFileReference; lastKnownFileType = sourcecode.swift; path = UserStore.swift; sourceTree = "<group>"; };
		01312BD92C302F8C0089F9C0 /* DashboardHealthDataObject.swift */ = {isa = PBXFileReference; fileEncoding = 4; lastKnownFileType = sourcecode.swift; path = DashboardHealthDataObject.swift; sourceTree = "<group>"; };
		01312BDB2C302F9C0089F9C0 /* UrlStore.swift */ = {isa = PBXFileReference; fileEncoding = 4; lastKnownFileType = sourcecode.swift; path = UrlStore.swift; sourceTree = "<group>"; };
		01312BDC2C302F9D0089F9C0 /* RequestStore.swift */ = {isa = PBXFileReference; fileEncoding = 4; lastKnownFileType = sourcecode.swift; path = RequestStore.swift; sourceTree = "<group>"; };
		01312BDF2C3031860089F9C0 /* Config.swift */ = {isa = PBXFileReference; fileEncoding = 4; lastKnownFileType = sourcecode.swift; path = Config.swift; sourceTree = "<group>"; };
		01312BE22C3032730089F9C0 /* LocationFetcher.swift */ = {isa = PBXFileReference; fileEncoding = 4; lastKnownFileType = sourcecode.swift; path = LocationFetcher.swift; sourceTree = "<group>"; };
		01312BE42C303A230089F9C0 /* RegisterVC.swift */ = {isa = PBXFileReference; lastKnownFileType = sourcecode.swift; path = RegisterVC.swift; sourceTree = "<group>"; };
		01FF77222C3A99C100D3E93E /* UserVcComponents.swift */ = {isa = PBXFileReference; lastKnownFileType = sourcecode.swift; path = UserVcComponents.swift; sourceTree = "<group>"; };
		01FF77242C3AA42200D3E93E /* WhatSticks13iOS.entitlements */ = {isa = PBXFileReference; lastKnownFileType = text.plist.entitlements; path = WhatSticks13iOS.entitlements; sourceTree = "<group>"; };
		01FF77C92C43F4DB00D3E93E /* ManageDataVC.swift */ = {isa = PBXFileReference; lastKnownFileType = sourcecode.swift; path = ManageDataVC.swift; sourceTree = "<group>"; };
		01FF77CB2C441B1800D3E93E /* HealthDataStore.swift */ = {isa = PBXFileReference; fileEncoding = 4; lastKnownFileType = sourcecode.swift; path = HealthDataStore.swift; sourceTree = "<group>"; };
		01FF77CD2C441F2200D3E93E /* AppleHealthDataFetcher.swift */ = {isa = PBXFileReference; fileEncoding = 4; lastKnownFileType = sourcecode.swift; path = AppleHealthDataFetcher.swift; sourceTree = "<group>"; };
/* End PBXFileReference section */

/* Begin PBXFrameworksBuildPhase section */
		01312BAE2C2EC1C20089F9C0 /* Frameworks */ = {
			isa = PBXFrameworksBuildPhase;
			buildActionMask = 2147483647;
			files = (
			);
			runOnlyForDeploymentPostprocessing = 0;
		};
/* End PBXFrameworksBuildPhase section */

/* Begin PBXGroup section */
		01312BA82C2EC1C20089F9C0 = {
			isa = PBXGroup;
			children = (
				01312BDF2C3031860089F9C0 /* Config.swift */,
				01312BB32C2EC1C20089F9C0 /* WhatSticks13iOS */,
				01312BB22C2EC1C20089F9C0 /* Products */,
			);
			sourceTree = "<group>";
		};
		01312BB22C2EC1C20089F9C0 /* Products */ = {
			isa = PBXGroup;
			children = (
				01312BB12C2EC1C20089F9C0 /* WhatSticks13iOS.app */,
			);
			name = Products;
			sourceTree = "<group>";
		};
		01312BB32C2EC1C20089F9C0 /* WhatSticks13iOS */ = {
			isa = PBXGroup;
			children = (
				01FF77242C3AA42200D3E93E /* WhatSticks13iOS.entitlements */,
				01312BE12C30326B0089F9C0 /* Utilities */,
				01312BD62C302F440089F9C0 /* Stores */,
				01312BD32C302EF50089F9C0 /* Models */,
				01FF777A2C3C2A0B00D3E93E /* Views */,
				01312BC82C2EC2050089F9C0 /* Supporting */,
				01312BC22C2EC1C40089F9C0 /* Info.plist */,
			);
			path = WhatSticks13iOS;
			sourceTree = "<group>";
		};
		01312BC82C2EC2050089F9C0 /* Supporting */ = {
			isa = PBXGroup;
			children = (
				01312BB42C2EC1C20089F9C0 /* AppDelegate.swift */,
				01312BB62C2EC1C20089F9C0 /* SceneDelegate.swift */,
				01312BBD2C2EC1C40089F9C0 /* Assets.xcassets */,
				01312BBF2C2EC1C40089F9C0 /* LaunchScreen.storyboard */,
			);
			path = Supporting;
			sourceTree = "<group>";
		};
		01312BD32C302EF50089F9C0 /* Models */ = {
			isa = PBXGroup;
			children = (
				01312BD92C302F8C0089F9C0 /* DashboardHealthDataObject.swift */,
				01312BD42C302F030089F9C0 /* User.swift */,
			);
			path = Models;
			sourceTree = "<group>";
		};
		01312BD62C302F440089F9C0 /* Stores */ = {
			isa = PBXGroup;
			children = (
				01312BD72C302F500089F9C0 /* UserStore.swift */,
				01312BDC2C302F9D0089F9C0 /* RequestStore.swift */,
				01312BDB2C302F9C0089F9C0 /* UrlStore.swift */,
				01FF77CB2C441B1800D3E93E /* HealthDataStore.swift */,
			);
			path = Stores;
			sourceTree = "<group>";
		};
		01312BE12C30326B0089F9C0 /* Utilities */ = {
			isa = PBXGroup;
			children = (
				01FF77CD2C441F2200D3E93E /* AppleHealthDataFetcher.swift */,
				01312BE22C3032730089F9C0 /* LocationFetcher.swift */,
				01312BCF2C2EC4C10089F9C0 /* MiscUtils.swift */,
			);
			path = Utilities;
			sourceTree = "<group>";
		};
		01FF777A2C3C2A0B00D3E93E /* Views */ = {
			isa = PBXGroup;
			children = (
				01312BCB2C2EC49B0089F9C0 /* TemplateVC.swift */,
				01312BC92C2EC2370089F9C0 /* TabController.swift */,
				01FF77C92C43F4DB00D3E93E /* ManageDataVC.swift */,
				01312BB82C2EC1C20089F9C0 /* HomeVC.swift */,
				01312BD12C2EC4DF0089F9C0 /* DashboardVC.swift */,
				011673922C6C9248008BF349 /* DashboardTableCell.swift */,
				01312BCD2C2EC4B90089F9C0 /* UserVC.swift */,
				011673902C6C821A008BF349 /* DashboardVcComponents.swift */,
				01FF77222C3A99C100D3E93E /* UserVcComponents.swift */,
				01312BE42C303A230089F9C0 /* RegisterVC.swift */,
			);
			path = Views;
			sourceTree = "<group>";
		};
/* End PBXGroup section */

/* Begin PBXNativeTarget section */
		01312BB02C2EC1C20089F9C0 /* WhatSticks13iOS */ = {
			isa = PBXNativeTarget;
			buildConfigurationList = 01312BC52C2EC1C40089F9C0 /* Build configuration list for PBXNativeTarget "WhatSticks13iOS" */;
			buildPhases = (
				01312BAD2C2EC1C20089F9C0 /* Sources */,
				01312BAE2C2EC1C20089F9C0 /* Frameworks */,
				01312BAF2C2EC1C20089F9C0 /* Resources */,
			);
			buildRules = (
			);
			dependencies = (
			);
			name = WhatSticks13iOS;
			productName = WhatSticks13iOS;
			productReference = 01312BB12C2EC1C20089F9C0 /* WhatSticks13iOS.app */;
			productType = "com.apple.product-type.application";
		};
/* End PBXNativeTarget section */

/* Begin PBXProject section */
		01312BA92C2EC1C20089F9C0 /* Project object */ = {
			isa = PBXProject;
			attributes = {
				BuildIndependentTargetsInParallel = 1;
				LastSwiftUpdateCheck = 1520;
				LastUpgradeCheck = 1520;
				TargetAttributes = {
					01312BB02C2EC1C20089F9C0 = {
						CreatedOnToolsVersion = 15.2;
					};
				};
			};
			buildConfigurationList = 01312BAC2C2EC1C20089F9C0 /* Build configuration list for PBXProject "WhatSticks13iOS" */;
			compatibilityVersion = "Xcode 14.0";
			developmentRegion = en;
			hasScannedForEncodings = 0;
			knownRegions = (
				en,
				Base,
			);
			mainGroup = 01312BA82C2EC1C20089F9C0;
			productRefGroup = 01312BB22C2EC1C20089F9C0 /* Products */;
			projectDirPath = "";
			projectRoot = "";
			targets = (
				01312BB02C2EC1C20089F9C0 /* WhatSticks13iOS */,
			);
		};
/* End PBXProject section */

/* Begin PBXResourcesBuildPhase section */
		01312BAF2C2EC1C20089F9C0 /* Resources */ = {
			isa = PBXResourcesBuildPhase;
			buildActionMask = 2147483647;
			files = (
				01312BC12C2EC1C40089F9C0 /* LaunchScreen.storyboard in Resources */,
				01312BBE2C2EC1C40089F9C0 /* Assets.xcassets in Resources */,
			);
			runOnlyForDeploymentPostprocessing = 0;
		};
/* End PBXResourcesBuildPhase section */

/* Begin PBXSourcesBuildPhase section */
		01312BAD2C2EC1C20089F9C0 /* Sources */ = {
			isa = PBXSourcesBuildPhase;
			buildActionMask = 2147483647;
			files = (
				01312BB92C2EC1C20089F9C0 /* HomeVC.swift in Sources */,
				01312BCE2C2EC4B90089F9C0 /* UserVC.swift in Sources */,
				01FF77CE2C441F2200D3E93E /* AppleHealthDataFetcher.swift in Sources */,
				01312BE32C3032730089F9C0 /* LocationFetcher.swift in Sources */,
				01312BCA2C2EC2370089F9C0 /* TabController.swift in Sources */,
				01FF77CC2C441B1800D3E93E /* HealthDataStore.swift in Sources */,
				011673912C6C821A008BF349 /* DashboardVcComponents.swift in Sources */,
				01312BE02C3031860089F9C0 /* Config.swift in Sources */,
				01312BCC2C2EC49B0089F9C0 /* TemplateVC.swift in Sources */,
				01312BB52C2EC1C20089F9C0 /* AppDelegate.swift in Sources */,
				01FF77CA2C43F4DB00D3E93E /* ManageDataVC.swift in Sources */,
				01312BDD2C302F9D0089F9C0 /* UrlStore.swift in Sources */,
				01312BDE2C302F9D0089F9C0 /* RequestStore.swift in Sources */,
				01312BE52C303A230089F9C0 /* RegisterVC.swift in Sources */,
				01312BD52C302F030089F9C0 /* User.swift in Sources */,
				011673932C6C9248008BF349 /* DashboardTableCell.swift in Sources */,
				01312BD82C302F500089F9C0 /* UserStore.swift in Sources */,
				01312BDA2C302F8C0089F9C0 /* DashboardHealthDataObject.swift in Sources */,
				01FF77232C3A99C200D3E93E /* UserVcComponents.swift in Sources */,
				01312BD22C2EC4DF0089F9C0 /* DashboardVC.swift in Sources */,
				01312BB72C2EC1C20089F9C0 /* SceneDelegate.swift in Sources */,
				01312BD02C2EC4C10089F9C0 /* MiscUtils.swift in Sources */,
			);
			runOnlyForDeploymentPostprocessing = 0;
		};
/* End PBXSourcesBuildPhase section */

/* Begin PBXVariantGroup section */
		01312BBF2C2EC1C40089F9C0 /* LaunchScreen.storyboard */ = {
			isa = PBXVariantGroup;
			children = (
				01312BC02C2EC1C40089F9C0 /* Base */,
			);
			name = LaunchScreen.storyboard;
			sourceTree = "<group>";
		};
/* End PBXVariantGroup section */

/* Begin XCBuildConfiguration section */
		01312BC32C2EC1C40089F9C0 /* Debug */ = {
			isa = XCBuildConfiguration;
			buildSettings = {
				ALWAYS_SEARCH_USER_PATHS = NO;
				ASSETCATALOG_COMPILER_GENERATE_SWIFT_ASSET_SYMBOL_EXTENSIONS = YES;
				CLANG_ANALYZER_NONNULL = YES;
				CLANG_ANALYZER_NUMBER_OBJECT_CONVERSION = YES_AGGRESSIVE;
				CLANG_CXX_LANGUAGE_STANDARD = "gnu++20";
				CLANG_ENABLE_MODULES = YES;
				CLANG_ENABLE_OBJC_ARC = YES;
				CLANG_ENABLE_OBJC_WEAK = YES;
				CLANG_WARN_BLOCK_CAPTURE_AUTORELEASING = YES;
				CLANG_WARN_BOOL_CONVERSION = YES;
				CLANG_WARN_COMMA = YES;
				CLANG_WARN_CONSTANT_CONVERSION = YES;
				CLANG_WARN_DEPRECATED_OBJC_IMPLEMENTATIONS = YES;
				CLANG_WARN_DIRECT_OBJC_ISA_USAGE = YES_ERROR;
				CLANG_WARN_DOCUMENTATION_COMMENTS = YES;
				CLANG_WARN_EMPTY_BODY = YES;
				CLANG_WARN_ENUM_CONVERSION = YES;
				CLANG_WARN_INFINITE_RECURSION = YES;
				CLANG_WARN_INT_CONVERSION = YES;
				CLANG_WARN_NON_LITERAL_NULL_CONVERSION = YES;
				CLANG_WARN_OBJC_IMPLICIT_RETAIN_SELF = YES;
				CLANG_WARN_OBJC_LITERAL_CONVERSION = YES;
				CLANG_WARN_OBJC_ROOT_CLASS = YES_ERROR;
				CLANG_WARN_QUOTED_INCLUDE_IN_FRAMEWORK_HEADER = YES;
				CLANG_WARN_RANGE_LOOP_ANALYSIS = YES;
				CLANG_WARN_STRICT_PROTOTYPES = YES;
				CLANG_WARN_SUSPICIOUS_MOVE = YES;
				CLANG_WARN_UNGUARDED_AVAILABILITY = YES_AGGRESSIVE;
				CLANG_WARN_UNREACHABLE_CODE = YES;
				CLANG_WARN__DUPLICATE_METHOD_MATCH = YES;
				COPY_PHASE_STRIP = NO;
				DEBUG_INFORMATION_FORMAT = dwarf;
				ENABLE_STRICT_OBJC_MSGSEND = YES;
				ENABLE_TESTABILITY = YES;
				ENABLE_USER_SCRIPT_SANDBOXING = YES;
				GCC_C_LANGUAGE_STANDARD = gnu17;
				GCC_DYNAMIC_NO_PIC = NO;
				GCC_NO_COMMON_BLOCKS = YES;
				GCC_OPTIMIZATION_LEVEL = 0;
				GCC_PREPROCESSOR_DEFINITIONS = (
					"DEBUG=1",
					"$(inherited)",
				);
				GCC_WARN_64_TO_32_BIT_CONVERSION = YES;
				GCC_WARN_ABOUT_RETURN_TYPE = YES_ERROR;
				GCC_WARN_UNDECLARED_SELECTOR = YES;
				GCC_WARN_UNINITIALIZED_AUTOS = YES_AGGRESSIVE;
				GCC_WARN_UNUSED_FUNCTION = YES;
				GCC_WARN_UNUSED_VARIABLE = YES;
				IPHONEOS_DEPLOYMENT_TARGET = 17.2;
				LOCALIZATION_PREFERS_STRING_CATALOGS = YES;
				MTL_ENABLE_DEBUG_INFO = INCLUDE_SOURCE;
				MTL_FAST_MATH = YES;
				ONLY_ACTIVE_ARCH = YES;
				SDKROOT = iphoneos;
				SWIFT_ACTIVE_COMPILATION_CONDITIONS = "DEBUG $(inherited)";
				SWIFT_OPTIMIZATION_LEVEL = "-Onone";
			};
			name = Debug;
		};
		01312BC42C2EC1C40089F9C0 /* Release */ = {
			isa = XCBuildConfiguration;
			buildSettings = {
				ALWAYS_SEARCH_USER_PATHS = NO;
				ASSETCATALOG_COMPILER_GENERATE_SWIFT_ASSET_SYMBOL_EXTENSIONS = YES;
				CLANG_ANALYZER_NONNULL = YES;
				CLANG_ANALYZER_NUMBER_OBJECT_CONVERSION = YES_AGGRESSIVE;
				CLANG_CXX_LANGUAGE_STANDARD = "gnu++20";
				CLANG_ENABLE_MODULES = YES;
				CLANG_ENABLE_OBJC_ARC = YES;
				CLANG_ENABLE_OBJC_WEAK = YES;
				CLANG_WARN_BLOCK_CAPTURE_AUTORELEASING = YES;
				CLANG_WARN_BOOL_CONVERSION = YES;
				CLANG_WARN_COMMA = YES;
				CLANG_WARN_CONSTANT_CONVERSION = YES;
				CLANG_WARN_DEPRECATED_OBJC_IMPLEMENTATIONS = YES;
				CLANG_WARN_DIRECT_OBJC_ISA_USAGE = YES_ERROR;
				CLANG_WARN_DOCUMENTATION_COMMENTS = YES;
				CLANG_WARN_EMPTY_BODY = YES;
				CLANG_WARN_ENUM_CONVERSION = YES;
				CLANG_WARN_INFINITE_RECURSION = YES;
				CLANG_WARN_INT_CONVERSION = YES;
				CLANG_WARN_NON_LITERAL_NULL_CONVERSION = YES;
				CLANG_WARN_OBJC_IMPLICIT_RETAIN_SELF = YES;
				CLANG_WARN_OBJC_LITERAL_CONVERSION = YES;
				CLANG_WARN_OBJC_ROOT_CLASS = YES_ERROR;
				CLANG_WARN_QUOTED_INCLUDE_IN_FRAMEWORK_HEADER = YES;
				CLANG_WARN_RANGE_LOOP_ANALYSIS = YES;
				CLANG_WARN_STRICT_PROTOTYPES = YES;
				CLANG_WARN_SUSPICIOUS_MOVE = YES;
				CLANG_WARN_UNGUARDED_AVAILABILITY = YES_AGGRESSIVE;
				CLANG_WARN_UNREACHABLE_CODE = YES;
				CLANG_WARN__DUPLICATE_METHOD_MATCH = YES;
				COPY_PHASE_STRIP = NO;
				DEBUG_INFORMATION_FORMAT = "dwarf-with-dsym";
				ENABLE_NS_ASSERTIONS = NO;
				ENABLE_STRICT_OBJC_MSGSEND = YES;
				ENABLE_USER_SCRIPT_SANDBOXING = YES;
				GCC_C_LANGUAGE_STANDARD = gnu17;
				GCC_NO_COMMON_BLOCKS = YES;
				GCC_WARN_64_TO_32_BIT_CONVERSION = YES;
				GCC_WARN_ABOUT_RETURN_TYPE = YES_ERROR;
				GCC_WARN_UNDECLARED_SELECTOR = YES;
				GCC_WARN_UNINITIALIZED_AUTOS = YES_AGGRESSIVE;
				GCC_WARN_UNUSED_FUNCTION = YES;
				GCC_WARN_UNUSED_VARIABLE = YES;
				IPHONEOS_DEPLOYMENT_TARGET = 17.2;
				LOCALIZATION_PREFERS_STRING_CATALOGS = YES;
				MTL_ENABLE_DEBUG_INFO = NO;
				MTL_FAST_MATH = YES;
				SDKROOT = iphoneos;
				SWIFT_COMPILATION_MODE = wholemodule;
				VALIDATE_PRODUCT = YES;
			};
			name = Release;
		};
		01312BC62C2EC1C40089F9C0 /* Debug */ = {
			isa = XCBuildConfiguration;
			buildSettings = {
				ASSETCATALOG_COMPILER_APPICON_NAME = AppIcon;
				ASSETCATALOG_COMPILER_GLOBAL_ACCENT_COLOR_NAME = AccentColor;
				CODE_SIGN_ENTITLEMENTS = WhatSticks13iOS/WhatSticks13iOS.entitlements;
				CODE_SIGN_IDENTITY = "Apple Development";
				CODE_SIGN_STYLE = Automatic;
				CURRENT_PROJECT_VERSION = 1;
				DEVELOPMENT_TEAM = GL5QL25H5M;
				GENERATE_INFOPLIST_FILE = YES;
				INFOPLIST_FILE = WhatSticks13iOS/Info.plist;
				INFOPLIST_KEY_CFBundleDisplayName = "What Sticks";
				INFOPLIST_KEY_NSHealthShareUsageDescription = "Allow What Sticks to collect Health Data for analysis.";
				INFOPLIST_KEY_NSHealthUpdateUsageDescription = "Allow What Sticks to collect Health Data for analysis.";
				INFOPLIST_KEY_NSLocationAlwaysAndWhenInUseUsageDescription = "Turning on location services allows us to add weather related correlations to your dashboards.";
				INFOPLIST_KEY_NSLocationWhenInUseUsageDescription = "Turning on location services allows us to add weather related correlations to your dashboards.";
				INFOPLIST_KEY_UIApplicationSupportsIndirectInputEvents = YES;
				INFOPLIST_KEY_UILaunchStoryboardName = LaunchScreen;
				INFOPLIST_KEY_UISupportedInterfaceOrientations_iPad = "UIInterfaceOrientationPortrait UIInterfaceOrientationPortraitUpsideDown UIInterfaceOrientationLandscapeLeft UIInterfaceOrientationLandscapeRight";
				INFOPLIST_KEY_UISupportedInterfaceOrientations_iPhone = "UIInterfaceOrientationPortrait UIInterfaceOrientationLandscapeLeft UIInterfaceOrientationLandscapeRight";
				IPHONEOS_DEPLOYMENT_TARGET = 17.0;
				LD_RUNPATH_SEARCH_PATHS = (
					"$(inherited)",
					"@executable_path/Frameworks",
				);
				MARKETING_VERSION = 1.0;
				PRODUCT_BUNDLE_IDENTIFIER = "com.what-sticks.WhatSticks13iOS";
				PRODUCT_NAME = "$(TARGET_NAME)";
				PROVISIONING_PROFILE_SPECIFIER = "";
				SUPPORTED_PLATFORMS = "iphoneos iphonesimulator";
				SUPPORTS_MACCATALYST = NO;
				SWIFT_EMIT_LOC_STRINGS = YES;
				SWIFT_VERSION = 5.0;
				TARGETED_DEVICE_FAMILY = 1;
			};
			name = Debug;
		};
		01312BC72C2EC1C40089F9C0 /* Release */ = {
			isa = XCBuildConfiguration;
			buildSettings = {
				ASSETCATALOG_COMPILER_APPICON_NAME = AppIcon;
				ASSETCATALOG_COMPILER_GLOBAL_ACCENT_COLOR_NAME = AccentColor;
				CODE_SIGN_ENTITLEMENTS = WhatSticks13iOS/WhatSticks13iOS.entitlements;
				CODE_SIGN_IDENTITY = "Apple Development";
				CODE_SIGN_STYLE = Automatic;
				CURRENT_PROJECT_VERSION = 1;
				DEVELOPMENT_TEAM = GL5QL25H5M;
				GENERATE_INFOPLIST_FILE = YES;
				INFOPLIST_FILE = WhatSticks13iOS/Info.plist;
				INFOPLIST_KEY_CFBundleDisplayName = "What Sticks";
				INFOPLIST_KEY_NSHealthShareUsageDescription = "Allow What Sticks to collect Health Data for analysis.";
				INFOPLIST_KEY_NSHealthUpdateUsageDescription = "Allow What Sticks to collect Health Data for analysis.";
				INFOPLIST_KEY_NSLocationAlwaysAndWhenInUseUsageDescription = "Turning on location services allows us to add weather related correlations to your dashboards.";
				INFOPLIST_KEY_NSLocationWhenInUseUsageDescription = "Turning on location services allows us to add weather related correlations to your dashboards.";
				INFOPLIST_KEY_UIApplicationSupportsIndirectInputEvents = YES;
				INFOPLIST_KEY_UILaunchStoryboardName = LaunchScreen;
				INFOPLIST_KEY_UISupportedInterfaceOrientations_iPad = "UIInterfaceOrientationPortrait UIInterfaceOrientationPortraitUpsideDown UIInterfaceOrientationLandscapeLeft UIInterfaceOrientationLandscapeRight";
				INFOPLIST_KEY_UISupportedInterfaceOrientations_iPhone = "UIInterfaceOrientationPortrait UIInterfaceOrientationLandscapeLeft UIInterfaceOrientationLandscapeRight";
				IPHONEOS_DEPLOYMENT_TARGET = 17.0;
				LD_RUNPATH_SEARCH_PATHS = (
					"$(inherited)",
					"@executable_path/Frameworks",
				);
				MARKETING_VERSION = 1.0;
				PRODUCT_BUNDLE_IDENTIFIER = "com.what-sticks.WhatSticks13iOS";
				PRODUCT_NAME = "$(TARGET_NAME)";
				PROVISIONING_PROFILE_SPECIFIER = "";
				SUPPORTED_PLATFORMS = "iphoneos iphonesimulator";
				SUPPORTS_MACCATALYST = NO;
				SWIFT_EMIT_LOC_STRINGS = YES;
				SWIFT_VERSION = 5.0;
				TARGETED_DEVICE_FAMILY = 1;
			};
			name = Release;
		};
/* End XCBuildConfiguration section */

/* Begin XCConfigurationList section */
		01312BAC2C2EC1C20089F9C0 /* Build configuration list for PBXProject "WhatSticks13iOS" */ = {
			isa = XCConfigurationList;
			buildConfigurations = (
				01312BC32C2EC1C40089F9C0 /* Debug */,
				01312BC42C2EC1C40089F9C0 /* Release */,
			);
			defaultConfigurationIsVisible = 0;
			defaultConfigurationName = Release;
		};
		01312BC52C2EC1C40089F9C0 /* Build configuration list for PBXNativeTarget "WhatSticks13iOS" */ = {
			isa = XCConfigurationList;
			buildConfigurations = (
				01312BC62C2EC1C40089F9C0 /* Debug */,
				01312BC72C2EC1C40089F9C0 /* Release */,
			);
			defaultConfigurationIsVisible = 0;
			defaultConfigurationName = Release;
		};
/* End XCConfigurationList section */
	};
	rootObject = 01312BA92C2EC1C20089F9C0 /* Project object */;
}
